{
  "version": 4,
  "terraform_version": "1.7.5",
  "serial": 8,
  "lineage": "64bc7d26-f98c-1529-4cde-af986e7eaffb",
  "outputs": {},
  "resources": [
    {
      "mode": "managed",
      "type": "docker_container",
      "name": "kong-container",
      "provider": "provider[\"registry.terraform.io/kreuzwerker/docker\"]",
      "instances": [
        {
          "status": "tainted",
          "schema_version": 2,
          "attributes": {
            "attach": true,
            "bridge": null,
            "capabilities": [],
            "cgroupns_mode": null,
            "command": [
              "/kong-init.sh"
            ],
            "container_logs": null,
            "container_read_refresh_timeout_milliseconds": 15000,
            "cpu_set": null,
            "cpu_shares": null,
            "destroy_grace_seconds": null,
            "devices": [],
            "dns": null,
            "dns_opts": null,
            "dns_search": null,
            "domainname": null,
            "entrypoint": null,
            "env": [],
            "exit_code": null,
            "gpus": null,
            "group_add": null,
            "healthcheck": null,
            "host": [],
            "hostname": null,
            "id": "364bb19531ed93b9239a3cb4931e8f5bfb529042fa7bbfaeb5a06f2ab08d983d",
            "image": "sha256:6e1c5897d5735f7b43c40e969064369223ae03f0910eb1aa378444347a46e703",
            "init": null,
            "ipc_mode": null,
            "labels": [],
            "log_driver": null,
            "log_opts": null,
            "logs": false,
            "max_retry_count": null,
            "memory": null,
            "memory_swap": null,
            "mounts": [],
            "must_run": false,
            "name": "kong-instance",
            "network_data": null,
            "network_mode": null,
            "networks_advanced": [],
            "pid_mode": null,
            "ports": [],
            "privileged": true,
            "publish_all_ports": null,
            "read_only": false,
            "remove_volumes": true,
            "restart": "no",
            "rm": false,
            "runtime": null,
            "security_opts": [],
            "shm_size": null,
            "start": true,
            "stdin_open": false,
            "stop_signal": null,
            "stop_timeout": null,
            "storage_opts": null,
            "sysctls": null,
            "tmpfs": null,
            "tty": false,
            "ulimit": [],
            "upload": [
              {
                "content": "",
                "content_base64": "",
                "executable": true,
                "file": "/docker-kong/compose/docker-compose.yml",
                "source": "../docker-compose.yml",
                "source_hash": ""
              },
              {
                "content": "",
                "content_base64": "",
                "executable": true,
                "file": "/kong-init.sh",
                "source": "../scripts/ali-kong-tf-init.sh",
                "source_hash": ""
              }
            ],
            "user": null,
            "userns_mode": null,
            "volumes": [
              {
                "container_path": "/var/run/docker.sock",
                "from_container": "",
                "host_path": "/var/run/docker.sock",
                "read_only": true,
                "volume_name": ""
              }
            ],
            "wait": false,
            "wait_timeout": 60,
            "working_dir": null
          },
          "sensitive_attributes": [],
          "private": "eyJzY2hlbWFfdmVyc2lvbiI6IjIifQ==",
          "dependencies": [
            "docker_image.kong-gateway-image"
          ]
        }
      ]
    },
    {
      "mode": "managed",
      "type": "docker_image",
      "name": "kong-gateway-image",
      "provider": "provider[\"registry.terraform.io/kreuzwerker/docker\"]",
      "instances": [
        {
          "schema_version": 0,
          "attributes": {
            "build": [],
            "force_remove": null,
            "id": "sha256:6e1c5897d5735f7b43c40e969064369223ae03f0910eb1aa378444347a46e703paiondata/iiaas-kong-api-gateway-test:latest",
            "image_id": "sha256:6e1c5897d5735f7b43c40e969064369223ae03f0910eb1aa378444347a46e703",
            "keep_locally": true,
            "name": "paiondata/iiaas-kong-api-gateway-test:latest",
            "platform": null,
            "pull_triggers": null,
            "repo_digest": "paiondata/iiaas-kong-api-gateway-test@sha256:085c41f1b02d1120a4fc0f199aaff0a5774a776cd0598e93cf3e3ed1bb897aff",
            "triggers": null
          },
          "sensitive_attributes": [],
          "private": "bnVsbA=="
        }
      ]
    }
  ],
  "check_results": null
}
