{
  "version": 4,
  "terraform_version": "1.7.5",
  "serial": 340,
  "lineage": "e8597080-8286-61e4-ca19-2d2e2c7fa74e",
  "outputs": {},
  "resources": [
    {
      "mode": "managed",
      "type": "docker_container",
      "name": "kong-container",
      "provider": "provider[\"registry.terraform.io/kreuzwerker/docker\"]",
      "instances": [
        {
          "schema_version": 2,
          "attributes": {
            "attach": false,
            "bridge": "",
            "capabilities": [],
            "cgroupns_mode": null,
            "command": [
              "/kong-init.sh"
            ],
            "container_logs": null,
            "container_read_refresh_timeout_milliseconds": 15000,
            "cpu_set": "",
            "cpu_shares": 0,
            "destroy_grace_seconds": null,
            "devices": [],
            "dns": null,
            "dns_opts": null,
            "dns_search": null,
            "domainname": "",
            "entrypoint": [
              "/bin/sh"
            ],
            "env": [],
            "exit_code": null,
            "gpus": null,
            "group_add": null,
            "healthcheck": null,
            "host": [],
            "hostname": "ac6568dd3cc9",
            "id": "ac6568dd3cc96fd254db4b4f8f2140f2c149361805c24dc0b345738aab68b663",
            "image": "sha256:0643e7eb7854c323bee36948b81fa28a05aa8aaf73917fd93b550fdafc8e14d0",
            "init": false,
            "ipc_mode": "private",
            "labels": [],
            "log_driver": "json-file",
            "log_opts": null,
            "logs": false,
            "max_retry_count": 0,
            "memory": 0,
            "memory_swap": 0,
            "mounts": [],
            "must_run": false,
            "name": "kong-instance",
            "network_data": [
              {
                "gateway": "172.17.0.1",
                "global_ipv6_address": "",
                "global_ipv6_prefix_length": 0,
                "ip_address": "172.17.0.2",
                "ip_prefix_length": 16,
                "ipv6_gateway": "",
                "network_name": "bridge"
              }
            ],
            "network_mode": "default",
            "networks_advanced": [],
            "pid_mode": "",
            "ports": [],
            "privileged": false,
            "publish_all_ports": false,
            "read_only": false,
            "remove_volumes": true,
            "restart": "no",
            "rm": false,
            "runtime": "runc",
            "security_opts": [],
            "shm_size": 64,
            "start": true,
            "stdin_open": false,
            "stop_signal": "",
            "stop_timeout": 0,
            "storage_opts": null,
            "sysctls": null,
            "tmpfs": null,
            "tty": false,
            "ulimit": [],
            "upload": [
              {
                "content": "",
                "content_base64": "",
                "executable": true,
                "file": "/docker-kong/compose/docker-compose.test.yml",
                "source": "../docker-compose.test.yml",
                "source_hash": ""
              },
              {
                "content": "",
                "content_base64": "",
                "executable": true,
                "file": "/kong-init.sh",
                "source": "../scripts/ali-kong-tf-init.sh",
                "source_hash": ""
              }
            ],
            "user": "",
            "userns_mode": "",
            "volumes": [
              {
                "container_path": "/var/run/docker.sock",
                "from_container": "",
                "host_path": "/var/run/docker.sock",
                "read_only": null,
                "volume_name": ""
              }
            ],
            "wait": false,
            "wait_timeout": 60,
            "working_dir": ""
          },
          "sensitive_attributes": [],
          "private": "eyJzY2hlbWFfdmVyc2lvbiI6IjIifQ==",
          "dependencies": [
            "docker_image.kong-gateway-image"
          ]
        }
      ]
    },
    {
      "mode": "managed",
      "type": "docker_image",
      "name": "kong-gateway-image",
      "provider": "provider[\"registry.terraform.io/kreuzwerker/docker\"]",
      "instances": [
        {
          "schema_version": 0,
          "attributes": {
            "build": [],
            "force_remove": null,
            "id": "sha256:0643e7eb7854c323bee36948b81fa28a05aa8aaf73917fd93b550fdafc8e14d0paiondata/iiaas-kong-api-gateway-test:latest",
            "image_id": "sha256:0643e7eb7854c323bee36948b81fa28a05aa8aaf73917fd93b550fdafc8e14d0",
            "keep_locally": true,
            "name": "paiondata/iiaas-kong-api-gateway-test:latest",
            "platform": null,
            "pull_triggers": null,
            "repo_digest": "paiondata/iiaas-kong-api-gateway-test@sha256:a1e181a3b689960987c64c2b4dd1ff709e6c2b10ed9289415778770dfd00e252",
            "triggers": null
          },
          "sensitive_attributes": [],
          "private": "bnVsbA=="
        }
      ]
    }
  ],
  "check_results": null
}
